
Microsoft Visual Studio Solution File, Format Version 12.00
# Visual Studio 14
VisualStudioVersion = 14.0.23107.0
MinimumVisualStudioVersion = 10.0.40219.1
Project("{FAE04EC0-301F-11D3-BF4B-00C04F79EFBC}") = "BMIRechner", "BMIRechner\BMIRechner.csproj", "{02BA67CC-9A6C-4373-987E-E6C10CB55DD4}"
EndProject
Global
	GlobalSection(SolutionConfigurationPlatforms) = preSolution
		Debug|Any CPU = Debug|Any CPU
		Release|Any CPU = Release|Any CPU
	EndGlobalSection
	GlobalSection(ProjectConfigurationPlatforms) = postSolution
		{02BA67CC-9A6C-4373-987E-E6C10CB55DD4}.Debug|Any CPU.ActiveCfg = Debug|Any CPU
		{02BA67CC-9A6C-4373-987E-E6C10CB55DD4}.Debug|Any CPU.Build.0 = Debug|Any CPU
		{02BA67CC-9A6C-4373-987E-E6C10CB55DD4}.Release|Any CPU.ActiveCfg = Release|Any CPU
		{02BA67CC-9A6C-4373-987E-E6C10CB55DD4}.Release|Any CPU.Build.0 = Release|Any CPU
	EndGlobalSection
	GlobalSection(SolutionProperties) = preSolution
		HideSolutionNode = FALSE
	EndGlobalSection
EndGlobal
